{"filter":false,"title":"Gemfile.lock","tooltip":"/Gemfile.lock","undoManager":{"mark":-1,"position":-1,"stack":[]},"ace":{"folds":[],"scrolltop":600,"scrollleft":0,"selection":{"start":{"row":53,"column":4},"end":{"row":53,"column":10},"isBackwards":false},"options":{"guessTabSize":true,"useWrapMode":false,"wrapToView":true},"firstLineState":{"row":40,"state":"start","mode":"ace/mode/text"}},"timestamp":1458521878120,"hash":"3e4b691fd8f6a6c7412dbf73a735a17db48a33a2"}